
Microsoft Visual Studio Solution File, Format Version 12.00
# Visual Studio Version 17
VisualStudioVersion = 17.0.31903.59
MinimumVisualStudioVersion = 10.0.40219.1
Project("{2150E333-8FDC-42A3-9474-1A3956D46DE8}") = ".root", ".root", "{CB3B91EF-114F-4DBB-8584-559C0BB52BDF}"
	ProjectSection(SolutionItems) = preProject
		.gitignore = .gitignore
		LICENSE = LICENSE
		README.md = README.md
		Directory.Build.props = Directory.Build.props
		Directory.Packages.props = Directory.Packages.props
	EndProjectSection
EndProject
Project("{2150E333-8FDC-42A3-9474-1A3956D46DE8}") = "src", "src", "{0BC6B43F-A573-480B-A02E-F9A6EC56FCB1}"
EndProject
Project("{2150E333-8FDC-42A3-9474-1A3956D46DE8}") = "tests", "tests", "{7A7D9AE0-DC1F-4DFD-83E6-2AE23C985B9C}"
EndProject
Project("{FAE04EC0-301F-11D3-BF4B-00C04F79EFBC}") = "Cli", "src\Cli\Cli.csproj", "{DC3EAF1C-FE03-4340-A6CE-B512DFA6C22B}"
EndProject
Global
	GlobalSection(SolutionConfigurationPlatforms) = preSolution
		Debug|Any CPU = Debug|Any CPU
		Release|Any CPU = Release|Any CPU
	EndGlobalSection
	GlobalSection(SolutionProperties) = preSolution
		HideSolutionNode = FALSE
	EndGlobalSection
	GlobalSection(NestedProjects) = preSolution
		{DC3EAF1C-FE03-4340-A6CE-B512DFA6C22B} = {0BC6B43F-A573-480B-A02E-F9A6EC56FCB1}
	EndGlobalSection
	GlobalSection(ProjectConfigurationPlatforms) = postSolution
		{DC3EAF1C-FE03-4340-A6CE-B512DFA6C22B}.Debug|Any CPU.ActiveCfg = Debug|Any CPU
		{DC3EAF1C-FE03-4340-A6CE-B512DFA6C22B}.Debug|Any CPU.Build.0 = Debug|Any CPU
		{DC3EAF1C-FE03-4340-A6CE-B512DFA6C22B}.Release|Any CPU.ActiveCfg = Release|Any CPU
		{DC3EAF1C-FE03-4340-A6CE-B512DFA6C22B}.Release|Any CPU.Build.0 = Release|Any CPU
	EndGlobalSection
EndGlobal
